// !$*UTF8*$!
{
	archiveVersion = 1;
	classes = {
	};
	objectVersion = 46;
	objects = {

/* Begin PBXBuildFile section */
		AB39CE741E907B11001650F8 /* AppDelegate.swift in Sources */ = {isa = PBXBuildFile; fileRef = AB39CE731E907B11001650F8 /* AppDelegate.swift */; };
		AB39CE761E907B11001650F8 /* ViewController.swift in Sources */ = {isa = PBXBuildFile; fileRef = AB39CE751E907B11001650F8 /* ViewController.swift */; };
		AB39CE791E907B11001650F8 /* Main.storyboard in Resources */ = {isa = PBXBuildFile; fileRef = AB39CE771E907B11001650F8 /* Main.storyboard */; };
		AB39CE7B1E907B11001650F8 /* Assets.xcassets in Resources */ = {isa = PBXBuildFile; fileRef = AB39CE7A1E907B11001650F8 /* Assets.xcassets */; };
		AB39CE7E1E907B11001650F8 /* LaunchScreen.storyboard in Resources */ = {isa = PBXBuildFile; fileRef = AB39CE7C1E907B11001650F8 /* LaunchScreen.storyboard */; };
		B3298893C0DD107B6F632B4D /* Pods_AMTooltip_Example.framework in Frameworks */ = {isa = PBXBuildFile; fileRef = 242C0C9B7A1271766CD31091 /* Pods_AMTooltip_Example.framework */; };
/* End PBXBuildFile section */

/* Begin PBXFileReference section */
		242C0C9B7A1271766CD31091 /* Pods_AMTooltip_Example.framework */ = {isa = PBXFileReference; explicitFileType = wrapper.framework; includeInIndex = 0; path = Pods_AMTooltip_Example.framework; sourceTree = BUILT_PRODUCTS_DIR; };
		88E94190E5727037A13CF7D2 /* Pods-AMTooltip_Example.release.xcconfig */ = {isa = PBXFileReference; includeInIndex = 1; lastKnownFileType = text.xcconfig; name = "Pods-AMTooltip_Example.release.xcconfig"; path = "Pods/Target Support Files/Pods-AMTooltip_Example/Pods-AMTooltip_Example.release.xcconfig"; sourceTree = "<group>"; };
		AB39CE701E907B11001650F8 /* AMTooltip_Example.app */ = {isa = PBXFileReference; explicitFileType = wrapper.application; includeInIndex = 0; path = AMTooltip_Example.app; sourceTree = BUILT_PRODUCTS_DIR; };
		AB39CE731E907B11001650F8 /* AppDelegate.swift */ = {isa = PBXFileReference; lastKnownFileType = sourcecode.swift; path = AppDelegate.swift; sourceTree = "<group>"; };
		AB39CE751E907B11001650F8 /* ViewController.swift */ = {isa = PBXFileReference; lastKnownFileType = sourcecode.swift; path = ViewController.swift; sourceTree = "<group>"; };
		AB39CE781E907B11001650F8 /* Base */ = {isa = PBXFileReference; lastKnownFileType = file.storyboard; name = Base; path = Base.lproj/Main.storyboard; sourceTree = "<group>"; };
		AB39CE7A1E907B11001650F8 /* Assets.xcassets */ = {isa = PBXFileReference; lastKnownFileType = folder.assetcatalog; path = Assets.xcassets; sourceTree = "<group>"; };
		AB39CE7D1E907B11001650F8 /* Base */ = {isa = PBXFileReference; lastKnownFileType = file.storyboard; name = Base; path = Base.lproj/LaunchScreen.storyboard; sourceTree = "<group>"; };
		AB39CE7F1E907B11001650F8 /* Info.plist */ = {isa = PBXFileReference; lastKnownFileType = text.plist.xml; path = Info.plist; sourceTree = "<group>"; };
		CF23C928DF6FDA02B64D011D /* Pods-AMTooltip_Example.debug.xcconfig */ = {isa = PBXFileReference; includeInIndex = 1; lastKnownFileType = text.xcconfig; name = "Pods-AMTooltip_Example.debug.xcconfig"; path = "Pods/Target Support Files/Pods-AMTooltip_Example/Pods-AMTooltip_Example.debug.xcconfig"; sourceTree = "<group>"; };
/* End PBXFileReference section */

/* Begin PBXFrameworksBuildPhase section */
		AB39CE6D1E907B11001650F8 /* Frameworks */ = {
			isa = PBXFrameworksBuildPhase;
			buildActionMask = 2147483647;
			files = (
				B3298893C0DD107B6F632B4D /* Pods_AMTooltip_Example.framework in Frameworks */,
			);
			runOnlyForDeploymentPostprocessing = 0;
		};
/* End PBXFrameworksBuildPhase section */

/* Begin PBXGroup section */
		1E57CC725006EB0D4CB5E3F4 /* Pods */ = {
			isa = PBXGroup;
			children = (
				CF23C928DF6FDA02B64D011D /* Pods-AMTooltip_Example.debug.xcconfig */,
				88E94190E5727037A13CF7D2 /* Pods-AMTooltip_Example.release.xcconfig */,
			);
			name = Pods;
			sourceTree = "<group>";
		};
		AB39CE671E907B11001650F8 = {
			isa = PBXGroup;
			children = (
				AB39CE721E907B11001650F8 /* AMTooltip_Example */,
				AB39CE711E907B11001650F8 /* Products */,
				1E57CC725006EB0D4CB5E3F4 /* Pods */,
				E90AC4A248016062C11432B3 /* Frameworks */,
			);
			sourceTree = "<group>";
		};
		AB39CE711E907B11001650F8 /* Products */ = {
			isa = PBXGroup;
			children = (
				AB39CE701E907B11001650F8 /* AMTooltip_Example.app */,
			);
			name = Products;
			sourceTree = "<group>";
		};
		AB39CE721E907B11001650F8 /* AMTooltip_Example */ = {
			isa = PBXGroup;
			children = (
				AB39CE731E907B11001650F8 /* AppDelegate.swift */,
				AB39CE751E907B11001650F8 /* ViewController.swift */,
				AB39CE771E907B11001650F8 /* Main.storyboard */,
				AB39CE7A1E907B11001650F8 /* Assets.xcassets */,
				AB39CE7C1E907B11001650F8 /* LaunchScreen.storyboard */,
				AB39CE7F1E907B11001650F8 /* Info.plist */,
			);
			path = AMTooltip_Example;
			sourceTree = "<group>";
		};
		E90AC4A248016062C11432B3 /* Frameworks */ = {
			isa = PBXGroup;
			children = (
				242C0C9B7A1271766CD31091 /* Pods_AMTooltip_Example.framework */,
			);
			name = Frameworks;
			sourceTree = "<group>";
		};
/* End PBXGroup section */

/* Begin PBXNativeTarget section */
		AB39CE6F1E907B11001650F8 /* AMTooltip_Example */ = {
			isa = PBXNativeTarget;
			buildConfigurationList = AB39CE821E907B11001650F8 /* Build configuration list for PBXNativeTarget "AMTooltip_Example" */;
			buildPhases = (
				773216EBF00F29608D04259C /* [CP] Check Pods Manifest.lock */,
				AB39CE6C1E907B11001650F8 /* Sources */,
				AB39CE6D1E907B11001650F8 /* Frameworks */,
				AB39CE6E1E907B11001650F8 /* Resources */,
				D2FED662E51AA43CEB01DB65 /* [CP] Embed Pods Frameworks */,
				1B0564309E78D7FDB0A4B92D /* [CP] Copy Pods Resources */,
			);
			buildRules = (
			);
			dependencies = (
			);
			name = AMTooltip_Example;
			productName = AMTooltip_Example;
			productReference = AB39CE701E907B11001650F8 /* AMTooltip_Example.app */;
			productType = "com.apple.product-type.application";
		};
/* End PBXNativeTarget section */

/* Begin PBXProject section */
		AB39CE681E907B11001650F8 /* Project object */ = {
			isa = PBXProject;
			attributes = {
				LastSwiftUpdateCheck = 0820;
				LastUpgradeCheck = 0820;
				ORGANIZATIONNAME = amirdew;
				TargetAttributes = {
					AB39CE6F1E907B11001650F8 = {
						CreatedOnToolsVersion = 8.2;
						DevelopmentTeam = 4J5W7CJ2ZV;
						LastSwiftMigration = 0820;
						ProvisioningStyle = Automatic;
					};
				};
			};
			buildConfigurationList = AB39CE6B1E907B11001650F8 /* Build configuration list for PBXProject "AMTooltip_Example" */;
			compatibilityVersion = "Xcode 3.2";
			developmentRegion = English;
			hasScannedForEncodings = 0;
			knownRegions = (
				en,
				Base,
			);
			mainGroup = AB39CE671E907B11001650F8;
			productRefGroup = AB39CE711E907B11001650F8 /* Products */;
			projectDirPath = "";
			projectRoot = "";
			targets = (
				AB39CE6F1E907B11001650F8 /* AMTooltip_Example */,
			);
		};
/* End PBXProject section */

/* Begin PBXResourcesBuildPhase section */
		AB39CE6E1E907B11001650F8 /* Resources */ = {
			isa = PBXResourcesBuildPhase;
			buildActionMask = 2147483647;
			files = (
				AB39CE7E1E907B11001650F8 /* LaunchScreen.storyboard in Resources */,
				AB39CE7B1E907B11001650F8 /* Assets.xcassets in Resources */,
				AB39CE791E907B11001650F8 /* Main.storyboard in Resources */,
			);
			runOnlyForDeploymentPostprocessing = 0;
		};
/* End PBXResourcesBuildPhase section */

/* Begin PBXShellScriptBuildPhase section */
		1B0564309E78D7FDB0A4B92D /* [CP] Copy Pods Resources */ = {
			isa = PBXShellScriptBuildPhase;
			buildActionMask = 2147483647;
			files = (
			);
			inputPaths = (
			);
			name = "[CP] Copy Pods Resources";
			outputPaths = (
			);
			runOnlyForDeploymentPostprocessing = 0;
			shellPath = /bin/sh;
			shellScript = "\"${SRCROOT}/Pods/Target Support Files/Pods-AMTooltip_Example/Pods-AMTooltip_Example-resources.sh\"\n";
			showEnvVarsInLog = 0;
		};
		773216EBF00F29608D04259C /* [CP] Check Pods Manifest.lock */ = {
			isa = PBXShellScriptBuildPhase;
			buildActionMask = 2147483647;
			files = (
			);
			inputPaths = (
			);
			name = "[CP] Check Pods Manifest.lock";
			outputPaths = (
			);
			runOnlyForDeploymentPostprocessing = 0;
			shellPath = /bin/sh;
			shellScript = "diff \"${PODS_ROOT}/../Podfile.lock\" \"${PODS_ROOT}/Manifest.lock\" > /dev/null\nif [[ $? != 0 ]] ; then\n    cat << EOM\nerror: The sandbox is not in sync with the Podfile.lock. Run 'pod install' or update your CocoaPods installation.\nEOM\n    exit 1\nfi\n";
			showEnvVarsInLog = 0;
		};
		D2FED662E51AA43CEB01DB65 /* [CP] Embed Pods Frameworks */ = {
			isa = PBXShellScriptBuildPhase;
			buildActionMask = 2147483647;
			files = (
			);
			inputPaths = (
			);
			name = "[CP] Embed Pods Frameworks";
			outputPaths = (
			);
			runOnlyForDeploymentPostprocessing = 0;
			shellPath = /bin/sh;
			shellScript = "\"${SRCROOT}/Pods/Target Support Files/Pods-AMTooltip_Example/Pods-AMTooltip_Example-frameworks.sh\"\n";
			showEnvVarsInLog = 0;
		};
/* End PBXShellScriptBuildPhase section */

/* Begin PBXSourcesBuildPhase section */
		AB39CE6C1E907B11001650F8 /* Sources */ = {
			isa = PBXSourcesBuildPhase;
			buildActionMask = 2147483647;
			files = (
				AB39CE761E907B11001650F8 /* ViewController.swift in Sources */,
				AB39CE741E907B11001650F8 /* AppDelegate.swift in Sources */,
			);
			runOnlyForDeploymentPostprocessing = 0;
		};
/* End PBXSourcesBuildPhase section */

/* Begin PBXVariantGroup section */
		AB39CE771E907B11001650F8 /* Main.storyboard */ = {
			isa = PBXVariantGroup;
			children = (
				AB39CE781E907B11001650F8 /* Base */,
			);
			name = Main.storyboard;
			sourceTree = "<group>";
		};
		AB39CE7C1E907B11001650F8 /* LaunchScreen.storyboard */ = {
			isa = PBXVariantGroup;
			children = (
				AB39CE7D1E907B11001650F8 /* Base */,
			);
			name = LaunchScreen.storyboard;
			sourceTree = "<group>";
		};
/* End PBXVariantGroup section */

/* Begin XCBuildConfiguration section */
		AB39CE801E907B11001650F8 /* Debug */ = {
			isa = XCBuildConfiguration;
			buildSettings = {
				ALWAYS_SEARCH_USER_PATHS = NO;
				CLANG_ANALYZER_NONNULL = YES;
				CLANG_CXX_LANGUAGE_STANDARD = "gnu++0x";
				CLANG_CXX_LIBRARY = "libc++";
				CLANG_ENABLE_MODULES = YES;
				CLANG_ENABLE_OBJC_ARC = YES;
				CLANG_WARN_BOOL_CONVERSION = YES;
				CLANG_WARN_CONSTANT_CONVERSION = YES;
				CLANG_WARN_DIRECT_OBJC_ISA_USAGE = YES_ERROR;
				CLANG_WARN_DOCUMENTATION_COMMENTS = YES;
				CLANG_WARN_EMPTY_BODY = YES;
				CLANG_WARN_ENUM_CONVERSION = YES;
				CLANG_WARN_INFINITE_RECURSION = YES;
				CLANG_WARN_INT_CONVERSION = YES;
				CLANG_WARN_OBJC_ROOT_CLASS = YES_ERROR;
				CLANG_WARN_SUSPICIOUS_MOVE = YES;
				CLANG_WARN_UNREACHABLE_CODE = YES;
				CLANG_WARN__DUPLICATE_METHOD_MATCH = YES;
				"CODE_SIGN_IDENTITY[sdk=iphoneos*]" = "iPhone Developer";
				COPY_PHASE_STRIP = NO;
				DEBUG_INFORMATION_FORMAT = dwarf;
				ENABLE_STRICT_OBJC_MSGSEND = YES;
				ENABLE_TESTABILITY = YES;
				GCC_C_LANGUAGE_STANDARD = gnu99;
				GCC_DYNAMIC_NO_PIC = NO;
				GCC_NO_COMMON_BLOCKS = YES;
				GCC_OPTIMIZATION_LEVEL = 0;
				GCC_PREPROCESSOR_DEFINITIONS = (
					"DEBUG=1",
					"$(inherited)",
				);
				GCC_WARN_64_TO_32_BIT_CONVERSION = YES;
				GCC_WARN_ABOUT_RETURN_TYPE = YES_ERROR;
				GCC_WARN_UNDECLARED_SELECTOR = YES;
				GCC_WARN_UNINITIALIZED_AUTOS = YES_AGGRESSIVE;
				GCC_WARN_UNUSED_FUNCTION = YES;
				GCC_WARN_UNUSED_VARIABLE = YES;
				IPHONEOS_DEPLOYMENT_TARGET = 10.2;
				MTL_ENABLE_DEBUG_INFO = YES;
				ONLY_ACTIVE_ARCH = YES;
				SDKROOT = iphoneos;
				SWIFT_ACTIVE_COMPILATION_CONDITIONS = DEBUG;
				SWIFT_OPTIMIZATION_LEVEL = "-Onone";
				TARGETED_DEVICE_FAMILY = "1,2";
			};
			name = Debug;
		};
		AB39CE811E907B11001650F8 /* Release */ = {
			isa = XCBuildConfiguration;
			buildSettings = {
				ALWAYS_SEARCH_USER_PATHS = NO;
				CLANG_ANALYZER_NONNULL = YES;
				CLANG_CXX_LANGUAGE_STANDARD = "gnu++0x";
				CLANG_CXX_LIBRARY = "libc++";
				CLANG_ENABLE_MODULES = YES;
				CLANG_ENABLE_OBJC_ARC = YES;
				CLANG_WARN_BOOL_CONVERSION = YES;
				CLANG_WARN_CONSTANT_CONVERSION = YES;
				CLANG_WARN_DIRECT_OBJC_ISA_USAGE = YES_ERROR;
				CLANG_WARN_DOCUMENTATION_COMMENTS = YES;
				CLANG_WARN_EMPTY_BODY = YES;
				CLANG_WARN_ENUM_CONVERSION = YES;
				CLANG_WARN_INFINITE_RECURSION = YES;
				CLANG_WARN_INT_CONVERSION = YES;
				CLANG_WARN_OBJC_ROOT_CLASS = YES_ERROR;
				CLANG_WARN_SUSPICIOUS_MOVE = YES;
				CLANG_WARN_UNREACHABLE_CODE = YES;
				CLANG_WARN__DUPLICATE_METHOD_MATCH = YES;
				"CODE_SIGN_IDENTITY[sdk=iphoneos*]" = "iPhone Developer";
				COPY_PHASE_STRIP = NO;
				DEBUG_INFORMATION_FORMAT = "dwarf-with-dsym";
				ENABLE_NS_ASSERTIONS = NO;
				ENABLE_STRICT_OBJC_MSGSEND = YES;
				GCC_C_LANGUAGE_STANDARD = gnu99;
				GCC_NO_COMMON_BLOCKS = YES;
				GCC_WARN_64_TO_32_BIT_CONVERSION = YES;
				GCC_WARN_ABOUT_RETURN_TYPE = YES_ERROR;
				GCC_WARN_UNDECLARED_SELECTOR = YES;
				GCC_WARN_UNINITIALIZED_AUTOS = YES_AGGRESSIVE;
				GCC_WARN_UNUSED_FUNCTION = YES;
				GCC_WARN_UNUSED_VARIABLE = YES;
				IPHONEOS_DEPLOYMENT_TARGET = 10.2;
				MTL_ENABLE_DEBUG_INFO = NO;
				SDKROOT = iphoneos;
				SWIFT_OPTIMIZATION_LEVEL = "-Owholemodule";
				TARGETED_DEVICE_FAMILY = "1,2";
				VALIDATE_PRODUCT = YES;
			};
			name = Release;
		};
		AB39CE831E907B11001650F8 /* Debug */ = {
			isa = XCBuildConfiguration;
			baseConfigurationReference = CF23C928DF6FDA02B64D011D /* Pods-AMTooltip_Example.debug.xcconfig */;
			buildSettings = {
				ASSETCATALOG_COMPILER_APPICON_NAME = AppIcon;
				DEVELOPMENT_TEAM = 4J5W7CJ2ZV;
				INFOPLIST_FILE = AMTooltip_Example/Info.plist;
				LD_RUNPATH_SEARCH_PATHS = "$(inherited) @executable_path/Frameworks";
				PRODUCT_BUNDLE_IDENTIFIER = "eu.amirs.AMTooltip-Example";
				PRODUCT_NAME = "$(TARGET_NAME)";
				SWIFT_VERSION = 3.0;
			};
			name = Debug;
		};
		AB39CE841E907B11001650F8 /* Release */ = {
			isa = XCBuildConfiguration;
			baseConfigurationReference = 88E94190E5727037A13CF7D2 /* Pods-AMTooltip_Example.release.xcconfig */;
			buildSettings = {
				ASSETCATALOG_COMPILER_APPICON_NAME = AppIcon;
				DEVELOPMENT_TEAM = 4J5W7CJ2ZV;
				INFOPLIST_FILE = AMTooltip_Example/Info.plist;
				LD_RUNPATH_SEARCH_PATHS = "$(inherited) @executable_path/Frameworks";
				PRODUCT_BUNDLE_IDENTIFIER = "eu.amirs.AMTooltip-Example";
				PRODUCT_NAME = "$(TARGET_NAME)";
				SWIFT_VERSION = 3.0;
			};
			name = Release;
		};
/* End XCBuildConfiguration section */

/* Begin XCConfigurationList section */
		AB39CE6B1E907B11001650F8 /* Build configuration list for PBXProject "AMTooltip_Example" */ = {
			isa = XCConfigurationList;
			buildConfigurations = (
				AB39CE801E907B11001650F8 /* Debug */,
				AB39CE811E907B11001650F8 /* Release */,
			);
			defaultConfigurationIsVisible = 0;
			defaultConfigurationName = Release;
		};
		AB39CE821E907B11001650F8 /* Build configuration list for PBXNativeTarget "AMTooltip_Example" */ = {
			isa = XCConfigurationList;
			buildConfigurations = (
				AB39CE831E907B11001650F8 /* Debug */,
				AB39CE841E907B11001650F8 /* Release */,
			);
			defaultConfigurationIsVisible = 0;
			defaultConfigurationName = Release;
		};
/* End XCConfigurationList section */
	};
	rootObject = AB39CE681E907B11001650F8 /* Project object */;
}
